{
  "name": "llm_for_education",
  "lockfileVersion": 3,
  "requires": true,
  "packages": {
    "": {
      "dependencies": {
        "@cloudscape-design/components": "^3.0.457",
        "@cloudscape-design/global-styles": "^1.0.17",
        "react": "^18.2.0",
        "react-router-dom": "^6.20.1"
      }
    },
    "node_modules/@babel/runtime": {
      "version": "7.23.6",
      "resolved": "https://registry.npmjs.org/@babel/runtime/-/runtime-7.23.6.tgz",
      "integrity": "sha512-zHd0eUrf5GZoOWVCXp6koAKQTfZV07eit6bGPmJgnZdnSAvvZee6zniW2XMF7Cmc4ISOOnPy3QaSiIJGJkVEDQ==",
      "dependencies": {
        "regenerator-runtime": "^0.14.0"
      },
      "engines": {
        "node": ">=6.9.0"
      }
    },
    "node_modules/@cloudscape-design/collection-hooks": {
      "version": "1.0.30",
      "resolved": "https://registry.npmjs.org/@cloudscape-design/collection-hooks/-/collection-hooks-1.0.30.tgz",
      "integrity": "sha512-b4HAvTyqboZaTJSm02bCsruBIqQ9frwOwjo0Q1Vd5tTU6LJsmqXfmOLMR5etdOiwmWrT9iz2NTqy6eJyQyNMyQ==",
      "peerDependencies": {
        "react": "^16.8.0 || ^17.0.0 || ^18.0.0"
      }
    },
    "node_modules/@cloudscape-design/component-toolkit": {
      "version": "1.0.0-beta.30",
      "resolved": "https://registry.npmjs.org/@cloudscape-design/component-toolkit/-/component-toolkit-1.0.0-beta.30.tgz",
      "integrity": "sha512-RFbLd8YXNz2QFv2Cb0lN7k8USCjE4lgVjSk5Kn6PZn77dtZrh7WGT313qEeOAB1IH40A/ZhtKYt265fC9Q5f/Q==",
      "dependencies": {
        "@juggle/resize-observer": "^3.3.1",
        "tslib": "^2.3.1"
      }
    },
    "node_modules/@cloudscape-design/components": {
      "version": "3.0.457",
      "resolved": "https://registry.npmjs.org/@cloudscape-design/components/-/components-3.0.457.tgz",
      "integrity": "sha512-lvaVMM6ItNjf8ypOSXBQDK/aTwZUIyS5pmgVo66xRtNqS10in6bAErBO7yAkj2KHsOPPbUaeUslZ9tVsjep8cg==",
      "dependencies": {
        "@cloudscape-design/collection-hooks": "^1.0.0",
        "@cloudscape-design/component-toolkit": "^1.0.0-beta",
        "@cloudscape-design/test-utils-core": "^1.0.0",
        "@cloudscape-design/theming-runtime": "^1.0.0",
        "@dnd-kit/core": "^6.0.8",
        "@dnd-kit/sortable": "^7.0.2",
        "@dnd-kit/utilities": "^3.2.1",
        "@juggle/resize-observer": "^3.3.1",
        "ace-builds": "^1.23.0",
        "balanced-match": "^1.0.2",
        "clsx": "^1.1.0",
        "d3-shape": "^1.3.7",
        "date-fns": "^2.25.0",
        "intl-messageformat": "^10.3.1",
        "mnth": "^2.0.0",
        "react-keyed-flatten-children": "^1.3.0",
        "react-transition-group": "^4.4.2",
        "react-virtual": "^2.8.2",
        "tslib": "^2.4.0",
        "weekstart": "^1.1.0"
      },
      "peerDependencies": {
        "react": "^16.8 || ^17 || ^18",
        "react-dom": "^16.8 || ^17 || ^18"
      }
    },
    "node_modules/@cloudscape-design/components/node_modules/react-virtual": {
      "version": "2.10.4",
      "resolved": "https://registry.npmjs.org/react-virtual/-/react-virtual-2.10.4.tgz",
      "integrity": "sha512-Ir6+oPQZTVHfa6+JL9M7cvMILstFZH/H3jqeYeKI4MSUX+rIruVwFC6nGVXw9wqAw8L0Kg2KvfXxI85OvYQdpQ==",
      "funding": [
        "https://github.com/sponsors/tannerlinsley"
      ],
      "dependencies": {
        "@reach/observe-rect": "^1.1.0"
      },
      "peerDependencies": {
        "react": "^16.6.3 || ^17.0.0"
      }
    },
    "node_modules/@cloudscape-design/global-styles": {
      "version": "1.0.17",
      "resolved": "https://registry.npmjs.org/@cloudscape-design/global-styles/-/global-styles-1.0.17.tgz",
      "integrity": "sha512-fwgncp5tfaYjPf/XeH7vKbVRgT+7Vo7Z5qKqSH21beH2l9VJncWKnmkRBf77uwcUHGHyPSbTRptKuijfwvFMEA=="
    },
    "node_modules/@cloudscape-design/test-utils-core": {
      "version": "1.0.19",
      "resolved": "https://registry.npmjs.org/@cloudscape-design/test-utils-core/-/test-utils-core-1.0.19.tgz",
      "integrity": "sha512-LZj07KlPp2Efgh809+bSYEKuMNnH+OoSz+MT2MNaYPRB+vNv1kQnwwtThugH7vvyS+AmwnrXsghcXZh61XU24Q==",
      "dependencies": {
        "css-selector-tokenizer": "^0.8.0",
        "css.escape": "^1.5.1"
      }
    },
    "node_modules/@cloudscape-design/theming-runtime": {
      "version": "1.0.37",
      "resolved": "https://registry.npmjs.org/@cloudscape-design/theming-runtime/-/theming-runtime-1.0.37.tgz",
      "integrity": "sha512-ZtUj3p5FHimi9Qz6Yn2pr/c8RiqdhjKKKu3R4IuvCSFNQtdyCYUemGkeHUukC84xj5Hn39gZtUNzKmYnv6x68Q==",
      "dependencies": {
        "tslib": "^2.4.0"
      }
    },
    "node_modules/@dnd-kit/accessibility": {
      "version": "3.1.0",
      "resolved": "https://registry.npmjs.org/@dnd-kit/accessibility/-/accessibility-3.1.0.tgz",
      "integrity": "sha512-ea7IkhKvlJUv9iSHJOnxinBcoOI3ppGnnL+VDJ75O45Nss6HtZd8IdN8touXPDtASfeI2T2LImb8VOZcL47wjQ==",
      "dependencies": {
        "tslib": "^2.0.0"
      },
      "peerDependencies": {
        "react": ">=16.8.0"
      }
    },
    "node_modules/@dnd-kit/core": {
      "version": "6.1.0",
      "resolved": "https://registry.npmjs.org/@dnd-kit/core/-/core-6.1.0.tgz",
      "integrity": "sha512-J3cQBClB4TVxwGo3KEjssGEXNJqGVWx17aRTZ1ob0FliR5IjYgTxl5YJbKTzA6IzrtelotH19v6y7uoIRUZPSg==",
      "dependencies": {
        "@dnd-kit/accessibility": "^3.1.0",
        "@dnd-kit/utilities": "^3.2.2",
        "tslib": "^2.0.0"
      },
      "peerDependencies": {
        "react": ">=16.8.0",
        "react-dom": ">=16.8.0"
      }
    },
    "node_modules/@dnd-kit/sortable": {
      "version": "7.0.2",
      "resolved": "https://registry.npmjs.org/@dnd-kit/sortable/-/sortable-7.0.2.tgz",
      "integrity": "sha512-wDkBHHf9iCi1veM834Gbk1429bd4lHX4RpAwT0y2cHLf246GAvU2sVw/oxWNpPKQNQRQaeGXhAVgrOl1IT+iyA==",
      "dependencies": {
        "@dnd-kit/utilities": "^3.2.0",
        "tslib": "^2.0.0"
      },
      "peerDependencies": {
        "@dnd-kit/core": "^6.0.7",
        "react": ">=16.8.0"
      }
    },
    "node_modules/@dnd-kit/utilities": {
      "version": "3.2.2",
      "resolved": "https://registry.npmjs.org/@dnd-kit/utilities/-/utilities-3.2.2.tgz",
      "integrity": "sha512-+MKAJEOfaBe5SmV6t34p80MMKhjvUz0vRrvVJbPT0WElzaOJ/1xs+D+KDv+tD/NE5ujfrChEcshd4fLn0wpiqg==",
      "dependencies": {
        "tslib": "^2.0.0"
      },
      "peerDependencies": {
        "react": ">=16.8.0"
      }
    },
    "node_modules/@formatjs/ecma402-abstract": {
      "version": "1.18.0",
      "resolved": "https://registry.npmjs.org/@formatjs/ecma402-abstract/-/ecma402-abstract-1.18.0.tgz",
      "integrity": "sha512-PEVLoa3zBevWSCZzPIM/lvPCi8P5l4G+NXQMc/CjEiaCWgyHieUoo0nM7Bs0n/NbuQ6JpXEolivQ9pKSBHaDlA==",
      "dependencies": {
        "@formatjs/intl-localematcher": "0.5.2",
        "tslib": "^2.4.0"
      }
    },
    "node_modules/@formatjs/fast-memoize": {
      "version": "2.2.0",
      "resolved": "https://registry.npmjs.org/@formatjs/fast-memoize/-/fast-memoize-2.2.0.tgz",
      "integrity": "sha512-hnk/nY8FyrL5YxwP9e4r9dqeM6cAbo8PeU9UjyXojZMNvVad2Z06FAVHyR3Ecw6fza+0GH7vdJgiKIVXTMbSBA==",
      "dependencies": {
        "tslib": "^2.4.0"
      }
    },
    "node_modules/@formatjs/icu-messageformat-parser": {
      "version": "2.7.3",
      "resolved": "https://registry.npmjs.org/@formatjs/icu-messageformat-parser/-/icu-messageformat-parser-2.7.3.tgz",
      "integrity": "sha512-X/jy10V9S/vW+qlplqhMUxR8wErQ0mmIYSq4mrjpjDl9mbuGcCILcI1SUYkL5nlM4PJqpc0KOS0bFkkJNPxYRw==",
      "dependencies": {
        "@formatjs/ecma402-abstract": "1.18.0",
        "@formatjs/icu-skeleton-parser": "1.7.0",
        "tslib": "^2.4.0"
      }
    },
    "node_modules/@formatjs/icu-skeleton-parser": {
      "version": "1.7.0",
      "resolved": "https://registry.npmjs.org/@formatjs/icu-skeleton-parser/-/icu-skeleton-parser-1.7.0.tgz",
      "integrity": "sha512-Cfdo/fgbZzpN/jlN/ptQVe0lRHora+8ezrEeg2RfrNjyp+YStwBy7cqDY8k5/z2LzXg6O0AdzAV91XS0zIWv+A==",
      "dependencies": {
        "@formatjs/ecma402-abstract": "1.18.0",
        "tslib": "^2.4.0"
      }
    },
    "node_modules/@formatjs/intl-localematcher": {
      "version": "0.5.2",
      "resolved": "https://registry.npmjs.org/@formatjs/intl-localematcher/-/intl-localematcher-0.5.2.tgz",
      "integrity": "sha512-txaaE2fiBMagLrR4jYhxzFO6wEdEG4TPMqrzBAcbr4HFUYzH/YC+lg6OIzKCHm8WgDdyQevxbAAV1OgcXctuGw==",
      "dependencies": {
        "tslib": "^2.4.0"
      }
    },
    "node_modules/@juggle/resize-observer": {
      "version": "3.4.0",
      "resolved": "https://registry.npmjs.org/@juggle/resize-observer/-/resize-observer-3.4.0.tgz",
      "integrity": "sha512-dfLbk+PwWvFzSxwk3n5ySL0hfBog779o8h68wK/7/APo/7cgyWp5jcXockbxdk5kFRkbeXWm4Fbi9FrdN381sA=="
    },
    "node_modules/@reach/observe-rect": {
      "version": "1.2.0",
      "resolved": "https://registry.npmjs.org/@reach/observe-rect/-/observe-rect-1.2.0.tgz",
      "integrity": "sha512-Ba7HmkFgfQxZqqaeIWWkNK0rEhpxVQHIoVyW1YDSkGsGIXzcaW4deC8B0pZrNSSyLTdIk7y+5olKt5+g0GmFIQ=="
    },
    "node_modules/@remix-run/router": {
      "version": "1.13.1",
      "resolved": "https://registry.npmjs.org/@remix-run/router/-/router-1.13.1.tgz",
      "integrity": "sha512-so+DHzZKsoOcoXrILB4rqDkMDy7NLMErRdOxvzvOKb507YINKUP4Di+shbTZDhSE/pBZ+vr7XGIpcOO0VLSA+Q==",
      "engines": {
        "node": ">=14.0.0"
      }
    },
    "node_modules/ace-builds": {
      "version": "1.32.1",
      "resolved": "https://registry.npmjs.org/ace-builds/-/ace-builds-1.32.1.tgz",
      "integrity": "sha512-UuJLPoONqxbEaJTGff40fRTM0FNHRMe5iF3zuy6oWNnfSpkKe/Reqae3n9Cc49/yQ7Dmwdh5eT5fW8i4WxsvnA=="
    },
    "node_modules/balanced-match": {
      "version": "1.0.2",
      "resolved": "https://registry.npmjs.org/balanced-match/-/balanced-match-1.0.2.tgz",
      "integrity": "sha512-3oSeUO0TMV67hN1AmbXsK4yaqU7tjiHlbxRDZOpH0KW9+CeX4bRAaX0Anxt0tx2MrpRpWwQaPwIlISEJhYU5Pw=="
    },
    "node_modules/clsx": {
      "version": "1.2.1",
      "resolved": "https://registry.npmjs.org/clsx/-/clsx-1.2.1.tgz",
      "integrity": "sha512-EcR6r5a8bj6pu3ycsa/E/cKVGuTgZJZdsyUYHOksG/UHIiKfjxzRxYJpyVBwYaQeOvghal9fcc4PidlgzugAQg==",
      "engines": {
        "node": ">=6"
      }
    },
    "node_modules/css-selector-tokenizer": {
      "version": "0.8.0",
      "resolved": "https://registry.npmjs.org/css-selector-tokenizer/-/css-selector-tokenizer-0.8.0.tgz",
      "integrity": "sha512-Jd6Ig3/pe62/qe5SBPTN8h8LeUg/pT4lLgtavPf7updwwHpvFzxvOQBHYj2LZDMjUnBzgvIUSjRcf6oT5HzHFg==",
      "dependencies": {
        "cssesc": "^3.0.0",
        "fastparse": "^1.1.2"
      }
    },
    "node_modules/css.escape": {
      "version": "1.5.1",
      "resolved": "https://registry.npmjs.org/css.escape/-/css.escape-1.5.1.tgz",
      "integrity": "sha512-YUifsXXuknHlUsmlgyY0PKzgPOr7/FjCePfHNt0jxm83wHZi44VDMQ7/fGNkjY3/jV1MC+1CmZbaHzugyeRtpg=="
    },
    "node_modules/cssesc": {
      "version": "3.0.0",
      "resolved": "https://registry.npmjs.org/cssesc/-/cssesc-3.0.0.tgz",
      "integrity": "sha512-/Tb/JcjK111nNScGob5MNtsntNM1aCNUDipB/TkwZFhyDrrE47SOx/18wF2bbjgc3ZzCSKW1T5nt5EbFoAz/Vg==",
      "bin": {
        "cssesc": "bin/cssesc"
      },
      "engines": {
        "node": ">=4"
      }
    },
    "node_modules/csstype": {
      "version": "3.1.3",
      "resolved": "https://registry.npmjs.org/csstype/-/csstype-3.1.3.tgz",
      "integrity": "sha512-M1uQkMl8rQK/szD0LNhtqxIPLpimGm8sOBwU7lLnCpSbTyY3yeU1Vc7l4KT5zT4s/yOxHH5O7tIuuLOCnLADRw=="
    },
    "node_modules/d3-path": {
      "version": "1.0.9",
      "resolved": "https://registry.npmjs.org/d3-path/-/d3-path-1.0.9.tgz",
      "integrity": "sha512-VLaYcn81dtHVTjEHd8B+pbe9yHWpXKZUC87PzoFmsFrJqgFwDe/qxfp5MlfsfM1V5E/iVt0MmEbWQ7FVIXh/bg=="
    },
    "node_modules/d3-shape": {
      "version": "1.3.7",
      "resolved": "https://registry.npmjs.org/d3-shape/-/d3-shape-1.3.7.tgz",
      "integrity": "sha512-EUkvKjqPFUAZyOlhY5gzCxCeI0Aep04LwIRpsZ/mLFelJiUfnK56jo5JMDSE7yyP2kLSb6LtF+S5chMk7uqPqw==",
      "dependencies": {
        "d3-path": "1"
      }
    },
    "node_modules/date-fns": {
      "version": "2.30.0",
      "resolved": "https://registry.npmjs.org/date-fns/-/date-fns-2.30.0.tgz",
      "integrity": "sha512-fnULvOpxnC5/Vg3NCiWelDsLiUc9bRwAPs/+LfTLNvetFCtCTN+yQz15C/fs4AwX1R9K5GLtLfn8QW+dWisaAw==",
      "dependencies": {
        "@babel/runtime": "^7.21.0"
      },
      "engines": {
        "node": ">=0.11"
      },
      "funding": {
        "type": "opencollective",
        "url": "https://opencollective.com/date-fns"
      }
    },
    "node_modules/dom-helpers": {
      "version": "5.2.1",
      "resolved": "https://registry.npmjs.org/dom-helpers/-/dom-helpers-5.2.1.tgz",
      "integrity": "sha512-nRCa7CK3VTrM2NmGkIy4cbK7IZlgBE/PYMn55rrXefr5xXDP0LdtfPnblFDoVdcAfslJ7or6iqAUnx0CCGIWQA==",
      "dependencies": {
        "@babel/runtime": "^7.8.7",
        "csstype": "^3.0.2"
      }
    },
    "node_modules/fastparse": {
      "version": "1.1.2",
      "resolved": "https://registry.npmjs.org/fastparse/-/fastparse-1.1.2.tgz",
      "integrity": "sha512-483XLLxTVIwWK3QTrMGRqUfUpoOs/0hbQrl2oz4J0pAcm3A3bu84wxTFqGqkJzewCLdME38xJLJAxBABfQT8sQ=="
    },
    "node_modules/intl-messageformat": {
      "version": "10.5.8",
      "resolved": "https://registry.npmjs.org/intl-messageformat/-/intl-messageformat-10.5.8.tgz",
      "integrity": "sha512-NRf0jpBWV0vd671G5b06wNofAN8tp7WWDogMZyaU8GUAsmbouyvgwmFJI7zLjfAMpm3zK+vSwRP3jzaoIcMbaA==",
      "dependencies": {
        "@formatjs/ecma402-abstract": "1.18.0",
        "@formatjs/fast-memoize": "2.2.0",
        "@formatjs/icu-messageformat-parser": "2.7.3",
        "tslib": "^2.4.0"
      }
    },
    "node_modules/js-tokens": {
      "version": "4.0.0",
      "resolved": "https://registry.npmjs.org/js-tokens/-/js-tokens-4.0.0.tgz",
      "integrity": "sha512-RdJUflcE3cUzKiMqQgsCu06FPu9UdIJO0beYbPhHN4k6apgJtifcoCtT9bcxOpYBtpD2kCM6Sbzg4CausW/PKQ=="
    },
    "node_modules/loose-envify": {
      "version": "1.4.0",
      "resolved": "https://registry.npmjs.org/loose-envify/-/loose-envify-1.4.0.tgz",
      "integrity": "sha512-lyuxPGr/Wfhrlem2CL/UcnUc1zcqKAImBDzukY7Y5F/yQiNdko6+fRLevlw1HgMySw7f611UIY408EtxRSoK3Q==",
      "dependencies": {
        "js-tokens": "^3.0.0 || ^4.0.0"
      },
      "bin": {
        "loose-envify": "cli.js"
      }
    },
    "node_modules/mnth": {
      "version": "2.0.0",
      "resolved": "https://registry.npmjs.org/mnth/-/mnth-2.0.0.tgz",
      "integrity": "sha512-3ZH4UWBGpAwCKdfjynLQpUDVZWMe6vRHwarIpMdGLUp89CVR9hjzgyWERtMyqx+fPEqQ/PsAxFwvwPxLFxW40A==",
      "dependencies": {
        "@babel/runtime": "^7.8.0"
      },
      "engines": {
        "node": ">=12.13.0"
      }
    },
    "node_modules/object-assign": {
      "version": "4.1.1",
      "resolved": "https://registry.npmjs.org/object-assign/-/object-assign-4.1.1.tgz",
      "integrity": "sha512-rJgTQnkUnH1sFw8yT6VSU3zD3sWmu6sZhIseY8VX+GRu3P6F7Fu+JNDoXfklElbLJSnc3FUQHVe4cU5hj+BcUg==",
      "engines": {
        "node": ">=0.10.0"
      }
    },
    "node_modules/prop-types": {
      "version": "15.8.1",
      "resolved": "https://registry.npmjs.org/prop-types/-/prop-types-15.8.1.tgz",
      "integrity": "sha512-oj87CgZICdulUohogVAR7AjlC0327U4el4L6eAvOqCeudMDVU0NThNaV+b9Df4dXgSP1gXMTnPdhfe/2qDH5cg==",
      "dependencies": {
        "loose-envify": "^1.4.0",
        "object-assign": "^4.1.1",
        "react-is": "^16.13.1"
      }
    },
    "node_modules/react": {
      "version": "18.2.0",
      "resolved": "https://registry.npmjs.org/react/-/react-18.2.0.tgz",
      "integrity": "sha512-/3IjMdb2L9QbBdWiW5e3P2/npwMBaU9mHCSCUzNln0ZCYbcfTsGbTJrU/kGemdH2IWmB2ioZ+zkxtmq6g09fGQ==",
      "dependencies": {
        "loose-envify": "^1.1.0"
      },
      "engines": {
        "node": ">=0.10.0"
      }
    },
    "node_modules/react-dom": {
      "version": "18.2.0",
      "resolved": "https://registry.npmjs.org/react-dom/-/react-dom-18.2.0.tgz",
      "integrity": "sha512-6IMTriUmvsjHUjNtEDudZfuDQUoWXVxKHhlEGSk81n4YFS+r/Kl99wXiwlVXtPBtJenozv2P+hxDsw9eA7Xo6g==",
      "peer": true,
      "dependencies": {
        "loose-envify": "^1.1.0",
        "scheduler": "^0.23.0"
      },
      "peerDependencies": {
        "react": "^18.2.0"
      }
    },
    "node_modules/react-is": {
      "version": "16.13.1",
      "resolved": "https://registry.npmjs.org/react-is/-/react-is-16.13.1.tgz",
      "integrity": "sha512-24e6ynE2H+OKt4kqsOvNd8kBpV65zoxbA4BVsEOB3ARVWQki/DHzaUoC5KuON/BiccDaCCTZBuOcfZs70kR8bQ=="
    },
    "node_modules/react-keyed-flatten-children": {
      "version": "1.3.0",
      "resolved": "https://registry.npmjs.org/react-keyed-flatten-children/-/react-keyed-flatten-children-1.3.0.tgz",
      "integrity": "sha512-qB7A6n+NHU0x88qTZGAJw6dsqwI941jcRPBB640c/CyWqjPQQ+YUmXOuzPziuHb7iqplM3xksWAbGYwkQT0tXA==",
      "dependencies": {
        "react-is": "^16.8.6"
      },
      "peerDependencies": {
        "react": ">=15.0.0"
      }
    },
    "node_modules/react-router": {
      "version": "6.20.1",
      "resolved": "https://registry.npmjs.org/react-router/-/react-router-6.20.1.tgz",
      "integrity": "sha512-ccvLrB4QeT5DlaxSFFYi/KR8UMQ4fcD8zBcR71Zp1kaYTC5oJKYAp1cbavzGrogwxca+ubjkd7XjFZKBW8CxPA==",
      "dependencies": {
        "@remix-run/router": "1.13.1"
      },
      "engines": {
        "node": ">=14.0.0"
      },
      "peerDependencies": {
        "react": ">=16.8"
      }
    },
    "node_modules/react-router-dom": {
      "version": "6.20.1",
      "resolved": "https://registry.npmjs.org/react-router-dom/-/react-router-dom-6.20.1.tgz",
      "integrity": "sha512-npzfPWcxfQN35psS7rJgi/EW0Gx6EsNjfdJSAk73U/HqMEJZ2k/8puxfwHFgDQhBGmS3+sjnGbMdMSV45axPQw==",
      "dependencies": {
        "@remix-run/router": "1.13.1",
        "react-router": "6.20.1"
      },
      "engines": {
        "node": ">=14.0.0"
      },
      "peerDependencies": {
        "react": ">=16.8",
        "react-dom": ">=16.8"
      }
    },
    "node_modules/react-transition-group": {
      "version": "4.4.5",
      "resolved": "https://registry.npmjs.org/react-transition-group/-/react-transition-group-4.4.5.tgz",
      "integrity": "sha512-pZcd1MCJoiKiBR2NRxeCRg13uCXbydPnmB4EOeRrY7480qNWO8IIgQG6zlDkm6uRMsURXPuKq0GWtiM59a5Q6g==",
      "dependencies": {
        "@babel/runtime": "^7.5.5",
        "dom-helpers": "^5.0.1",
        "loose-envify": "^1.4.0",
        "prop-types": "^15.6.2"
      },
      "peerDependencies": {
        "react": ">=16.6.0",
        "react-dom": ">=16.6.0"
      }
    },
    "node_modules/regenerator-runtime": {
      "version": "0.14.0",
      "resolved": "https://registry.npmjs.org/regenerator-runtime/-/regenerator-runtime-0.14.0.tgz",
      "integrity": "sha512-srw17NI0TUWHuGa5CFGGmhfNIeja30WMBfbslPNhf6JrqQlLN5gcrvig1oqPxiVaXb0oW0XRKtH6Nngs5lKCIA=="
    },
    "node_modules/scheduler": {
      "version": "0.23.0",
      "resolved": "https://registry.npmjs.org/scheduler/-/scheduler-0.23.0.tgz",
      "integrity": "sha512-CtuThmgHNg7zIZWAXi3AsyIzA3n4xx7aNyjwC2VJldO2LMVDhFK+63xGqq6CsJH4rTAt6/M+N4GhZiDYPx9eUw==",
      "peer": true,
      "dependencies": {
        "loose-envify": "^1.1.0"
      }
    },
    "node_modules/tslib": {
      "version": "2.6.2",
      "resolved": "https://registry.npmjs.org/tslib/-/tslib-2.6.2.tgz",
      "integrity": "sha512-AEYxH93jGFPn/a2iVAwW87VuUIkR1FVUKB77NwMF7nBTDkDrrT/Hpt/IrCJ0QXhW27jTBDcf5ZY7w6RiqTMw2Q=="
    },
    "node_modules/weekstart": {
      "version": "1.1.0",
      "resolved": "https://registry.npmjs.org/weekstart/-/weekstart-1.1.0.tgz",
      "integrity": "sha512-ZO3I7c7J9nwGN1PZKZeBYAsuwWEsCOZi5T68cQoVNYrzrpp5Br0Bgi0OF4l8kH/Ez7nKfxa5mSsXjsgris3+qg=="
    }
  }
}
